
Microsoft Visual Studio Solution File, Format Version 12.00
# Visual Studio Version 17
VisualStudioVersion = 17.8.34511.84
MinimumVisualStudioVersion = 10.0.40219.1
Project("{9A19103F-16F7-4668-BE54-9A1E7A4F7556}") = "Poc.Nasa.Portal.Api", "Poc.Nasa.Portal.Api.csproj", "{6255AC70-9D5A-4F8F-9CBA-7C2DF58CF3A1}"
EndProject
Project("{9A19103F-16F7-4668-BE54-9A1E7A4F7556}") = "Poc.Nasa.Portal.Integration", "..\Poc.Nasa.Portal.Integration\Poc.Nasa.Portal.Integration.csproj", "{C87372F6-5DB7-4464-AC9F-08557CC8B2B2}"
EndProject
Project("{9A19103F-16F7-4668-BE54-9A1E7A4F7556}") = "Poc.Nasa.Portal.Infrastructure", "..\Poc.Nasa.Portal.Infrastructure\Poc.Nasa.Portal.Infrastructure.csproj", "{1E3C258B-C8F5-4F0E-9E0A-DB34BF3AA2BE}"
EndProject
Project("{2150E333-8FDC-42A3-9474-1A3956D46DE8}") = "Hosts", "Hosts", "{5BC66996-A5E9-4778-A9A3-F6244E906E8B}"
EndProject
Project("{2150E333-8FDC-42A3-9474-1A3956D46DE8}") = "DomainAndInfra", "DomainAndInfra", "{F1FDEAD9-3A43-4ADA-9D4A-80DCDBC1AD58}"
EndProject
Project("{2150E333-8FDC-42A3-9474-1A3956D46DE8}") = "Lib", "Lib", "{98DD5092-98AA-4CE3-8D06-79E738377CAA}"
EndProject
Project("{9A19103F-16F7-4668-BE54-9A1E7A4F7556}") = "Poc.Nasa.Portal.App", "..\Poc.Nasa.Portal.App\Poc.Nasa.Portal.App.csproj", "{9A1A257B-B5BB-43B4-B85D-7371626A9CEB}"
EndProject
Project("{2150E333-8FDC-42A3-9474-1A3956D46DE8}") = "Tests", "Tests", "{1A5F181C-5441-452A-A525-F6CCE6668B20}"
EndProject
Project("{9A19103F-16F7-4668-BE54-9A1E7A4F7556}") = "Poc.Nasa.Portal.Tests", "..\Poc.Nasa.Portal.Tests\Poc.Nasa.Portal.Tests.csproj", "{35FFF9D2-78F8-4B71-99A6-1D19C56C5095}"
EndProject
Project("{9A19103F-16F7-4668-BE54-9A1E7A4F7556}") = "Poc.Nasa.Portal.Domain", "..\Poc.Nasa.Portal.Domain\Poc.Nasa.Portal.Domain.csproj", "{D8F3FD37-65F0-4226-BB6B-BD3851481865}"
EndProject
Project("{9A19103F-16F7-4668-BE54-9A1E7A4F7556}") = "Poc.Nasa.Portal.Workers", "..\Poc.Nasa.Portal.Workers\Poc.Nasa.Portal.Workers.csproj", "{4F26A38D-4FEC-47F2-AEB7-523D0C01459B}"
EndProject
Project("{2150E333-8FDC-42A3-9474-1A3956D46DE8}") = "App", "App", "{DE339721-47B6-417A-882D-6AE12EF73087}"
EndProject
Project("{2150E333-8FDC-42A3-9474-1A3956D46DE8}") = "Benchmark", "Benchmark", "{53BC0935-7C26-4A3C-8E56-F785360C89F6}"
EndProject
Project("{FAE04EC0-301F-11D3-BF4B-00C04F79EFBC}") = "Poc.Nasa.Portal.Benchmark", "..\Poc.Nasa.Portal.Benchmark\Poc.Nasa.Portal.Benchmark.csproj", "{835C6DEF-D636-4B48-B9CF-06F3DD50C376}"
EndProject
Global
	GlobalSection(SolutionConfigurationPlatforms) = preSolution
		Debug|Any CPU = Debug|Any CPU
		Release|Any CPU = Release|Any CPU
	EndGlobalSection
	GlobalSection(ProjectConfigurationPlatforms) = postSolution
		{6255AC70-9D5A-4F8F-9CBA-7C2DF58CF3A1}.Debug|Any CPU.ActiveCfg = Debug|Any CPU
		{6255AC70-9D5A-4F8F-9CBA-7C2DF58CF3A1}.Debug|Any CPU.Build.0 = Debug|Any CPU
		{6255AC70-9D5A-4F8F-9CBA-7C2DF58CF3A1}.Release|Any CPU.ActiveCfg = Release|Any CPU
		{6255AC70-9D5A-4F8F-9CBA-7C2DF58CF3A1}.Release|Any CPU.Build.0 = Release|Any CPU
		{C87372F6-5DB7-4464-AC9F-08557CC8B2B2}.Debug|Any CPU.ActiveCfg = Debug|Any CPU
		{C87372F6-5DB7-4464-AC9F-08557CC8B2B2}.Debug|Any CPU.Build.0 = Debug|Any CPU
		{C87372F6-5DB7-4464-AC9F-08557CC8B2B2}.Release|Any CPU.ActiveCfg = Release|Any CPU
		{C87372F6-5DB7-4464-AC9F-08557CC8B2B2}.Release|Any CPU.Build.0 = Release|Any CPU
		{1E3C258B-C8F5-4F0E-9E0A-DB34BF3AA2BE}.Debug|Any CPU.ActiveCfg = Debug|Any CPU
		{1E3C258B-C8F5-4F0E-9E0A-DB34BF3AA2BE}.Debug|Any CPU.Build.0 = Debug|Any CPU
		{1E3C258B-C8F5-4F0E-9E0A-DB34BF3AA2BE}.Release|Any CPU.ActiveCfg = Release|Any CPU
		{1E3C258B-C8F5-4F0E-9E0A-DB34BF3AA2BE}.Release|Any CPU.Build.0 = Release|Any CPU
		{9A1A257B-B5BB-43B4-B85D-7371626A9CEB}.Debug|Any CPU.ActiveCfg = Debug|Any CPU
		{9A1A257B-B5BB-43B4-B85D-7371626A9CEB}.Debug|Any CPU.Build.0 = Debug|Any CPU
		{9A1A257B-B5BB-43B4-B85D-7371626A9CEB}.Release|Any CPU.ActiveCfg = Release|Any CPU
		{9A1A257B-B5BB-43B4-B85D-7371626A9CEB}.Release|Any CPU.Build.0 = Release|Any CPU
		{35FFF9D2-78F8-4B71-99A6-1D19C56C5095}.Debug|Any CPU.ActiveCfg = Debug|Any CPU
		{35FFF9D2-78F8-4B71-99A6-1D19C56C5095}.Debug|Any CPU.Build.0 = Debug|Any CPU
		{35FFF9D2-78F8-4B71-99A6-1D19C56C5095}.Release|Any CPU.ActiveCfg = Release|Any CPU
		{35FFF9D2-78F8-4B71-99A6-1D19C56C5095}.Release|Any CPU.Build.0 = Release|Any CPU
		{D8F3FD37-65F0-4226-BB6B-BD3851481865}.Debug|Any CPU.ActiveCfg = Debug|Any CPU
		{D8F3FD37-65F0-4226-BB6B-BD3851481865}.Debug|Any CPU.Build.0 = Debug|Any CPU
		{D8F3FD37-65F0-4226-BB6B-BD3851481865}.Release|Any CPU.ActiveCfg = Release|Any CPU
		{D8F3FD37-65F0-4226-BB6B-BD3851481865}.Release|Any CPU.Build.0 = Release|Any CPU
		{4F26A38D-4FEC-47F2-AEB7-523D0C01459B}.Debug|Any CPU.ActiveCfg = Debug|Any CPU
		{4F26A38D-4FEC-47F2-AEB7-523D0C01459B}.Debug|Any CPU.Build.0 = Debug|Any CPU
		{4F26A38D-4FEC-47F2-AEB7-523D0C01459B}.Release|Any CPU.ActiveCfg = Release|Any CPU
		{4F26A38D-4FEC-47F2-AEB7-523D0C01459B}.Release|Any CPU.Build.0 = Release|Any CPU
		{835C6DEF-D636-4B48-B9CF-06F3DD50C376}.Debug|Any CPU.ActiveCfg = Debug|Any CPU
		{835C6DEF-D636-4B48-B9CF-06F3DD50C376}.Debug|Any CPU.Build.0 = Debug|Any CPU
		{835C6DEF-D636-4B48-B9CF-06F3DD50C376}.Release|Any CPU.ActiveCfg = Release|Any CPU
		{835C6DEF-D636-4B48-B9CF-06F3DD50C376}.Release|Any CPU.Build.0 = Release|Any CPU
	EndGlobalSection
	GlobalSection(SolutionProperties) = preSolution
		HideSolutionNode = FALSE
	EndGlobalSection
	GlobalSection(NestedProjects) = preSolution
		{6255AC70-9D5A-4F8F-9CBA-7C2DF58CF3A1} = {5BC66996-A5E9-4778-A9A3-F6244E906E8B}
		{C87372F6-5DB7-4464-AC9F-08557CC8B2B2} = {F1FDEAD9-3A43-4ADA-9D4A-80DCDBC1AD58}
		{1E3C258B-C8F5-4F0E-9E0A-DB34BF3AA2BE} = {F1FDEAD9-3A43-4ADA-9D4A-80DCDBC1AD58}
		{F1FDEAD9-3A43-4ADA-9D4A-80DCDBC1AD58} = {98DD5092-98AA-4CE3-8D06-79E738377CAA}
		{9A1A257B-B5BB-43B4-B85D-7371626A9CEB} = {DE339721-47B6-417A-882D-6AE12EF73087}
		{35FFF9D2-78F8-4B71-99A6-1D19C56C5095} = {1A5F181C-5441-452A-A525-F6CCE6668B20}
		{D8F3FD37-65F0-4226-BB6B-BD3851481865} = {F1FDEAD9-3A43-4ADA-9D4A-80DCDBC1AD58}
		{4F26A38D-4FEC-47F2-AEB7-523D0C01459B} = {DE339721-47B6-417A-882D-6AE12EF73087}
		{DE339721-47B6-417A-882D-6AE12EF73087} = {98DD5092-98AA-4CE3-8D06-79E738377CAA}
		{835C6DEF-D636-4B48-B9CF-06F3DD50C376} = {53BC0935-7C26-4A3C-8E56-F785360C89F6}
	EndGlobalSection
	GlobalSection(ExtensibilityGlobals) = postSolution
		SolutionGuid = {157AA188-85ED-4F04-9438-08559CD8184B}
	EndGlobalSection
EndGlobal
